
Microsoft Visual Studio Solution File, Format Version 12.00
# Visual Studio 14
VisualStudioVersion = 14.0.25420.1
MinimumVisualStudioVersion = 10.0.40219.1
Project("{FAE04EC0-301F-11D3-BF4B-00C04F79EFBC}") = "Algorithm_Collection", "Algorithm_Collection\Algorithm_Collection.csproj", "{9F37B17D-9BAD-4370-98DA-1EFA9A402AE9}"
EndProject
Project("{FAE04EC0-301F-11D3-BF4B-00C04F79EFBC}") = "Algorithm_Collection_Tests", "Algorithm_Collection_Tests\Algorithm_Collection_Tests.csproj", "{C01391A8-9620-457D-AE5E-E4C324CBA0DA}"
EndProject
Global
	GlobalSection(SolutionConfigurationPlatforms) = preSolution
		Debug|Any CPU = Debug|Any CPU
		Debug|ARM = Debug|ARM
		Debug|x64 = Debug|x64
		Debug|x86 = Debug|x86
		Release|Any CPU = Release|Any CPU
		Release|ARM = Release|ARM
		Release|x64 = Release|x64
		Release|x86 = Release|x86
	EndGlobalSection
	GlobalSection(ProjectConfigurationPlatforms) = postSolution
		{9F37B17D-9BAD-4370-98DA-1EFA9A402AE9}.Debug|Any CPU.ActiveCfg = Debug|Any CPU
		{9F37B17D-9BAD-4370-98DA-1EFA9A402AE9}.Debug|Any CPU.Build.0 = Debug|Any CPU
		{9F37B17D-9BAD-4370-98DA-1EFA9A402AE9}.Debug|ARM.ActiveCfg = Debug|Any CPU
		{9F37B17D-9BAD-4370-98DA-1EFA9A402AE9}.Debug|ARM.Build.0 = Debug|Any CPU
		{9F37B17D-9BAD-4370-98DA-1EFA9A402AE9}.Debug|x64.ActiveCfg = Debug|Any CPU
		{9F37B17D-9BAD-4370-98DA-1EFA9A402AE9}.Debug|x64.Build.0 = Debug|Any CPU
		{9F37B17D-9BAD-4370-98DA-1EFA9A402AE9}.Debug|x86.ActiveCfg = Debug|Any CPU
		{9F37B17D-9BAD-4370-98DA-1EFA9A402AE9}.Debug|x86.Build.0 = Debug|Any CPU
		{9F37B17D-9BAD-4370-98DA-1EFA9A402AE9}.Release|Any CPU.ActiveCfg = Release|Any CPU
		{9F37B17D-9BAD-4370-98DA-1EFA9A402AE9}.Release|Any CPU.Build.0 = Release|Any CPU
		{9F37B17D-9BAD-4370-98DA-1EFA9A402AE9}.Release|ARM.ActiveCfg = Release|Any CPU
		{9F37B17D-9BAD-4370-98DA-1EFA9A402AE9}.Release|ARM.Build.0 = Release|Any CPU
		{9F37B17D-9BAD-4370-98DA-1EFA9A402AE9}.Release|x64.ActiveCfg = Release|Any CPU
		{9F37B17D-9BAD-4370-98DA-1EFA9A402AE9}.Release|x64.Build.0 = Release|Any CPU
		{9F37B17D-9BAD-4370-98DA-1EFA9A402AE9}.Release|x86.ActiveCfg = Release|Any CPU
		{9F37B17D-9BAD-4370-98DA-1EFA9A402AE9}.Release|x86.Build.0 = Release|Any CPU
		{C01391A8-9620-457D-AE5E-E4C324CBA0DA}.Debug|Any CPU.ActiveCfg = Debug|Any CPU
		{C01391A8-9620-457D-AE5E-E4C324CBA0DA}.Debug|Any CPU.Build.0 = Debug|Any CPU
		{C01391A8-9620-457D-AE5E-E4C324CBA0DA}.Debug|ARM.ActiveCfg = Debug|Any CPU
		{C01391A8-9620-457D-AE5E-E4C324CBA0DA}.Debug|ARM.Build.0 = Debug|Any CPU
		{C01391A8-9620-457D-AE5E-E4C324CBA0DA}.Debug|x64.ActiveCfg = Debug|Any CPU
		{C01391A8-9620-457D-AE5E-E4C324CBA0DA}.Debug|x64.Build.0 = Debug|Any CPU
		{C01391A8-9620-457D-AE5E-E4C324CBA0DA}.Debug|x86.ActiveCfg = Debug|Any CPU
		{C01391A8-9620-457D-AE5E-E4C324CBA0DA}.Debug|x86.Build.0 = Debug|Any CPU
		{C01391A8-9620-457D-AE5E-E4C324CBA0DA}.Release|Any CPU.ActiveCfg = Release|Any CPU
		{C01391A8-9620-457D-AE5E-E4C324CBA0DA}.Release|Any CPU.Build.0 = Release|Any CPU
		{C01391A8-9620-457D-AE5E-E4C324CBA0DA}.Release|ARM.ActiveCfg = Release|Any CPU
		{C01391A8-9620-457D-AE5E-E4C324CBA0DA}.Release|ARM.Build.0 = Release|Any CPU
		{C01391A8-9620-457D-AE5E-E4C324CBA0DA}.Release|x64.ActiveCfg = Release|Any CPU
		{C01391A8-9620-457D-AE5E-E4C324CBA0DA}.Release|x64.Build.0 = Release|Any CPU
		{C01391A8-9620-457D-AE5E-E4C324CBA0DA}.Release|x86.ActiveCfg = Release|Any CPU
		{C01391A8-9620-457D-AE5E-E4C324CBA0DA}.Release|x86.Build.0 = Release|Any CPU
	EndGlobalSection
	GlobalSection(SolutionProperties) = preSolution
		HideSolutionNode = FALSE
	EndGlobalSection
EndGlobal
